
Microsoft Visual Studio Solution File, Format Version 12.00
# Visual Studio Version 17
VisualStudioVersion = 17.4.33213.308
MinimumVisualStudioVersion = 10.0.40219.1
Project("{FAE04EC0-301F-11D3-BF4B-00C04F79EFBC}") = "APIuse1702", "APIuse1702\APIuse1702.csproj", "{C60AD550-4A49-4797-A294-25CBA9A14EAD}"
EndProject
Global
	GlobalSection(SolutionConfigurationPlatforms) = preSolution
		Debug|Any CPU = Debug|Any CPU
		Release|Any CPU = Release|Any CPU
	EndGlobalSection
	GlobalSection(ProjectConfigurationPlatforms) = postSolution
		{C60AD550-4A49-4797-A294-25CBA9A14EAD}.Debug|Any CPU.ActiveCfg = Debug|Any CPU
		{C60AD550-4A49-4797-A294-25CBA9A14EAD}.Debug|Any CPU.Build.0 = Debug|Any CPU
		{C60AD550-4A49-4797-A294-25CBA9A14EAD}.Release|Any CPU.ActiveCfg = Release|Any CPU
		{C60AD550-4A49-4797-A294-25CBA9A14EAD}.Release|Any CPU.Build.0 = Release|Any CPU
	EndGlobalSection
	GlobalSection(SolutionProperties) = preSolution
		HideSolutionNode = FALSE
	EndGlobalSection
	GlobalSection(ExtensibilityGlobals) = postSolution
		SolutionGuid = {5EBA92E6-C6A6-4869-B507-790AB756BCBF}
	EndGlobalSection
EndGlobal
